{
  "version": "3",
  "packages": {
    "specifiers": {
      "jsr:@std/cli@^0.224.7": "jsr:@std/cli@0.224.7",
      "jsr:@std/fs@^0.229.3": "jsr:@std/fs@0.229.3",
      "jsr:@std/path@1.0.0-rc.1": "jsr:@std/path@1.0.0-rc.1"
    },
    "jsr": {
      "@std/cli@0.224.7": {
        "integrity": "654ca6477518e5e3a0d3fabafb2789e92b8c0febf1a1d24ba4b567aba94b5977"
      },
      "@std/fs@0.229.3": {
        "integrity": "783bca21f24da92e04c3893c9e79653227ab016c48e96b3078377ebd5222e6eb",
        "dependencies": [
          "jsr:@std/path@1.0.0-rc.1"
        ]
      },
      "@std/path@1.0.0-rc.1": {
        "integrity": "b8c00ae2f19106a6bb7cbf1ab9be52aa70de1605daeb2dbdc4f87a7cbaf10ff6"
      }
    }
  },
  "remote": {},
  "workspace": {
    "dependencies": [
      "jsr:@std/cli@^0.224.7",
      "jsr:@std/fs@^0.229.3"
    ]
  }
}
